
Microsoft Visual Studio Solution File, Format Version 12.00
# Visual Studio Version 16
VisualStudioVersion = 16.0.29519.87
MinimumVisualStudioVersion = 10.0.40219.1
Project("{FAE04EC0-301F-11D3-BF4B-00C04F79EFBC}") = "ImGuiSfmlNet", "ImGuiSfmlNet\ImGuiSfmlNet.csproj", "{C269C047-E010-4E3C-9A7A-761901ABB24A}"
EndProject
Project("{FAE04EC0-301F-11D3-BF4B-00C04F79EFBC}") = "ImGuiSfmlTest", "ImGuiSfmlTest\ImGuiSfmlTest.csproj", "{285EB625-994A-4702-98F5-A98203C20BEA}"
EndProject
Global
	GlobalSection(SolutionConfigurationPlatforms) = preSolution
		Debug|Any CPU = Debug|Any CPU
		Release|Any CPU = Release|Any CPU
	EndGlobalSection
	GlobalSection(ProjectConfigurationPlatforms) = postSolution
		{C269C047-E010-4E3C-9A7A-761901ABB24A}.Debug|Any CPU.ActiveCfg = Debug|Any CPU
		{C269C047-E010-4E3C-9A7A-761901ABB24A}.Debug|Any CPU.Build.0 = Debug|Any CPU
		{C269C047-E010-4E3C-9A7A-761901ABB24A}.Release|Any CPU.ActiveCfg = Release|Any CPU
		{C269C047-E010-4E3C-9A7A-761901ABB24A}.Release|Any CPU.Build.0 = Release|Any CPU
		{285EB625-994A-4702-98F5-A98203C20BEA}.Debug|Any CPU.ActiveCfg = Debug|Any CPU
		{285EB625-994A-4702-98F5-A98203C20BEA}.Debug|Any CPU.Build.0 = Debug|Any CPU
		{285EB625-994A-4702-98F5-A98203C20BEA}.Release|Any CPU.ActiveCfg = Release|Any CPU
		{285EB625-994A-4702-98F5-A98203C20BEA}.Release|Any CPU.Build.0 = Release|Any CPU
	EndGlobalSection
	GlobalSection(SolutionProperties) = preSolution
		HideSolutionNode = FALSE
	EndGlobalSection
	GlobalSection(ExtensibilityGlobals) = postSolution
		SolutionGuid = {9828FF99-F119-402A-A52C-C3562A708252}
	EndGlobalSection
EndGlobal
